
Microsoft Visual Studio Solution File, Format Version 12.00
# Visual Studio Version 18
VisualStudioVersion = 18.0.11217.181 d18.0
MinimumVisualStudioVersion = 10.0.40219.1
Project("{9A19103F-16F7-4668-BE54-9A1E7A4F7556}") = "TronAesCrypt.Core.Tests", "TronAesCrypt.Core.Tests\TronAesCrypt.Core.Tests.csproj", "{89FDB561-2D83-4811-82FD-55F96B33302C}"
EndProject
Project("{9A19103F-16F7-4668-BE54-9A1E7A4F7556}") = "TronAesCrypt.Core", "TronAesCrypt.Core\TronAesCrypt.Core.csproj", "{85FB8765-FC20-4FAB-8BA6-6DFE351AF0DC}"
EndProject
Project("{2150E333-8FDC-42A3-9474-1A3956D46DE8}") = "Docs", "Docs", "{1B4FA081-5A79-423A-8D68-98F502CBC1B2}"
	ProjectSection(SolutionItems) = preProject
		LICENSE = LICENSE
		README.md = README.md
	EndProjectSection
EndProject
Project("{9A19103F-16F7-4668-BE54-9A1E7A4F7556}") = "TronAesCrypt.Main", "TronAesCrypt.Main\TronAesCrypt.Main.csproj", "{461CCF61-566E-4CFC-918E-A97E879D0A49}"
EndProject
Project("{2150E333-8FDC-42A3-9474-1A3956D46DE8}") = "Solution Items", "Solution Items", "{85F29AD6-432B-43DD-8746-1E6908768E5F}"
	ProjectSection(SolutionItems) = preProject
		.editorconfig = .editorconfig
		Directory.Build.props = Directory.Build.props
		README.md = README.md
	EndProjectSection
EndProject
Project("{FAE04EC0-301F-11D3-BF4B-00C04F79EFBC}") = "TronAesCrypt.Main.Tests", "TronAesCrypt.Main.Tests\TronAesCrypt.Main.Tests.csproj", "{C1FF5A75-0480-40D4-9884-48AA48BD889D}"
EndProject
Global
	GlobalSection(SolutionConfigurationPlatforms) = preSolution
		Debug|Any CPU = Debug|Any CPU
		Release|Any CPU = Release|Any CPU
	EndGlobalSection
	GlobalSection(ProjectConfigurationPlatforms) = postSolution
		{89FDB561-2D83-4811-82FD-55F96B33302C}.Debug|Any CPU.ActiveCfg = Debug|Any CPU
		{89FDB561-2D83-4811-82FD-55F96B33302C}.Debug|Any CPU.Build.0 = Debug|Any CPU
		{89FDB561-2D83-4811-82FD-55F96B33302C}.Release|Any CPU.ActiveCfg = Release|Any CPU
		{89FDB561-2D83-4811-82FD-55F96B33302C}.Release|Any CPU.Build.0 = Release|Any CPU
		{85FB8765-FC20-4FAB-8BA6-6DFE351AF0DC}.Debug|Any CPU.ActiveCfg = Debug|Any CPU
		{85FB8765-FC20-4FAB-8BA6-6DFE351AF0DC}.Debug|Any CPU.Build.0 = Debug|Any CPU
		{85FB8765-FC20-4FAB-8BA6-6DFE351AF0DC}.Release|Any CPU.ActiveCfg = Release|Any CPU
		{85FB8765-FC20-4FAB-8BA6-6DFE351AF0DC}.Release|Any CPU.Build.0 = Release|Any CPU
		{461CCF61-566E-4CFC-918E-A97E879D0A49}.Debug|Any CPU.ActiveCfg = Debug|Any CPU
		{461CCF61-566E-4CFC-918E-A97E879D0A49}.Debug|Any CPU.Build.0 = Debug|Any CPU
		{461CCF61-566E-4CFC-918E-A97E879D0A49}.Release|Any CPU.ActiveCfg = Release|Any CPU
		{461CCF61-566E-4CFC-918E-A97E879D0A49}.Release|Any CPU.Build.0 = Release|Any CPU
		{C1FF5A75-0480-40D4-9884-48AA48BD889D}.Debug|Any CPU.ActiveCfg = Debug|Any CPU
		{C1FF5A75-0480-40D4-9884-48AA48BD889D}.Debug|Any CPU.Build.0 = Debug|Any CPU
		{C1FF5A75-0480-40D4-9884-48AA48BD889D}.Release|Any CPU.ActiveCfg = Release|Any CPU
		{C1FF5A75-0480-40D4-9884-48AA48BD889D}.Release|Any CPU.Build.0 = Release|Any CPU
	EndGlobalSection
	GlobalSection(SolutionProperties) = preSolution
		HideSolutionNode = FALSE
	EndGlobalSection
	GlobalSection(ExtensibilityGlobals) = postSolution
		SolutionGuid = {4F952C90-B5EC-4837-A110-BDA3D234FBA6}
	EndGlobalSection
EndGlobal
