
Microsoft Visual Studio Solution File, Format Version 12.00
Project("{FAE04EC0-301F-11D3-BF4B-00C04F79EFBC}") = "TronAesCrypt.Main", "TronAesCrypt.Main\TronAesCrypt.Main.csproj", "{89FDB561-2D83-4811-82FD-55F96B33302C}"
EndProject
Project("{FAE04EC0-301F-11D3-BF4B-00C04F79EFBC}") = "TronAesCrypt.Core", "TronAesCrypt.Core\TronAesCrypt.Core.csproj", "{85FB8765-FC20-4FAB-8BA6-6DFE351AF0DC}"
EndProject
Global
	GlobalSection(SolutionConfigurationPlatforms) = preSolution
		Debug|Any CPU = Debug|Any CPU
		Release|Any CPU = Release|Any CPU
	EndGlobalSection
	GlobalSection(ProjectConfigurationPlatforms) = postSolution
		{89FDB561-2D83-4811-82FD-55F96B33302C}.Debug|Any CPU.ActiveCfg = Debug|Any CPU
		{89FDB561-2D83-4811-82FD-55F96B33302C}.Debug|Any CPU.Build.0 = Debug|Any CPU
		{89FDB561-2D83-4811-82FD-55F96B33302C}.Release|Any CPU.ActiveCfg = Release|Any CPU
		{89FDB561-2D83-4811-82FD-55F96B33302C}.Release|Any CPU.Build.0 = Release|Any CPU
		{85FB8765-FC20-4FAB-8BA6-6DFE351AF0DC}.Debug|Any CPU.ActiveCfg = Debug|Any CPU
		{85FB8765-FC20-4FAB-8BA6-6DFE351AF0DC}.Debug|Any CPU.Build.0 = Debug|Any CPU
		{85FB8765-FC20-4FAB-8BA6-6DFE351AF0DC}.Release|Any CPU.ActiveCfg = Release|Any CPU
		{85FB8765-FC20-4FAB-8BA6-6DFE351AF0DC}.Release|Any CPU.Build.0 = Release|Any CPU
	EndGlobalSection
EndGlobal
